// !$*UTF8*$!
{
	archiveVersion = 1;
	classes = {
	};
	objectVersion = 50;
	objects = {

/* Begin PBXBuildFile section */
		9000CB9B2ED9FBD71440DE7B /* Pods_RxSwiftDemoApp.framework in Frameworks */ = {isa = PBXBuildFile; fileRef = 07D9A3E9CB8F879188C07FB9 /* Pods_RxSwiftDemoApp.framework */; };
		A300D8E9274CB81700F1C8B7 /* AppDelegate.swift in Sources */ = {isa = PBXBuildFile; fileRef = A300D8E8274CB81700F1C8B7 /* AppDelegate.swift */; };
		A300D8EB274CB81700F1C8B7 /* SceneDelegate.swift in Sources */ = {isa = PBXBuildFile; fileRef = A300D8EA274CB81700F1C8B7 /* SceneDelegate.swift */; };
		A300D8ED274CB81700F1C8B7 /* ViewController.swift in Sources */ = {isa = PBXBuildFile; fileRef = A300D8EC274CB81700F1C8B7 /* ViewController.swift */; };
		A300D8F0274CB81700F1C8B7 /* Main.storyboard in Resources */ = {isa = PBXBuildFile; fileRef = A300D8EE274CB81700F1C8B7 /* Main.storyboard */; };
		A300D8F2274CB81800F1C8B7 /* Assets.xcassets in Resources */ = {isa = PBXBuildFile; fileRef = A300D8F1274CB81800F1C8B7 /* Assets.xcassets */; };
		A300D8F5274CB81800F1C8B7 /* LaunchScreen.storyboard in Resources */ = {isa = PBXBuildFile; fileRef = A300D8F3274CB81800F1C8B7 /* LaunchScreen.storyboard */; };
		A300D900274CB81900F1C8B7 /* RxSwiftDemoAppTests.swift in Sources */ = {isa = PBXBuildFile; fileRef = A300D8FF274CB81900F1C8B7 /* RxSwiftDemoAppTests.swift */; };
		A300D90B274CB81900F1C8B7 /* RxSwiftDemoAppUITests.swift in Sources */ = {isa = PBXBuildFile; fileRef = A300D90A274CB81900F1C8B7 /* RxSwiftDemoAppUITests.swift */; };
		F5C5663443D6856733DA8205 /* Pods_RxSwiftDemoAppTests.framework in Frameworks */ = {isa = PBXBuildFile; fileRef = 8B956BF8A7D674514A74766F /* Pods_RxSwiftDemoAppTests.framework */; };
		FFF1395551E3EB8C44D61AA0 /* Pods_RxSwiftDemoApp_RxSwiftDemoAppUITests.framework in Frameworks */ = {isa = PBXBuildFile; fileRef = 29C7A0BB96CD1AC08BDD666E /* Pods_RxSwiftDemoApp_RxSwiftDemoAppUITests.framework */; };
/* End PBXBuildFile section */

/* Begin PBXContainerItemProxy section */
		A300D8FC274CB81900F1C8B7 /* PBXContainerItemProxy */ = {
			isa = PBXContainerItemProxy;
			containerPortal = A300D8DD274CB81700F1C8B7 /* Project object */;
			proxyType = 1;
			remoteGlobalIDString = A300D8E4274CB81700F1C8B7;
			remoteInfo = RxSwiftDemoApp;
		};
		A300D907274CB81900F1C8B7 /* PBXContainerItemProxy */ = {
			isa = PBXContainerItemProxy;
			containerPortal = A300D8DD274CB81700F1C8B7 /* Project object */;
			proxyType = 1;
			remoteGlobalIDString = A300D8E4274CB81700F1C8B7;
			remoteInfo = RxSwiftDemoApp;
		};
/* End PBXContainerItemProxy section */

/* Begin PBXFileReference section */
		07D9A3E9CB8F879188C07FB9 /* Pods_RxSwiftDemoApp.framework */ = {isa = PBXFileReference; explicitFileType = wrapper.framework; includeInIndex = 0; path = Pods_RxSwiftDemoApp.framework; sourceTree = BUILT_PRODUCTS_DIR; };
		0DD88EFE2A01942FCB569524 /* Pods-RxSwiftDemoApp.debug.xcconfig */ = {isa = PBXFileReference; includeInIndex = 1; lastKnownFileType = text.xcconfig; name = "Pods-RxSwiftDemoApp.debug.xcconfig"; path = "Target Support Files/Pods-RxSwiftDemoApp/Pods-RxSwiftDemoApp.debug.xcconfig"; sourceTree = "<group>"; };
		29C7A0BB96CD1AC08BDD666E /* Pods_RxSwiftDemoApp_RxSwiftDemoAppUITests.framework */ = {isa = PBXFileReference; explicitFileType = wrapper.framework; includeInIndex = 0; path = Pods_RxSwiftDemoApp_RxSwiftDemoAppUITests.framework; sourceTree = BUILT_PRODUCTS_DIR; };
		2C00FD9FF489408FB4BBDB30 /* Pods-RxSwiftDemoApp.release.xcconfig */ = {isa = PBXFileReference; includeInIndex = 1; lastKnownFileType = text.xcconfig; name = "Pods-RxSwiftDemoApp.release.xcconfig"; path = "Target Support Files/Pods-RxSwiftDemoApp/Pods-RxSwiftDemoApp.release.xcconfig"; sourceTree = "<group>"; };
		3D4748019EC846DDF5BC433A /* Pods-RxSwiftDemoAppTests.release.xcconfig */ = {isa = PBXFileReference; includeInIndex = 1; lastKnownFileType = text.xcconfig; name = "Pods-RxSwiftDemoAppTests.release.xcconfig"; path = "Target Support Files/Pods-RxSwiftDemoAppTests/Pods-RxSwiftDemoAppTests.release.xcconfig"; sourceTree = "<group>"; };
		51498B165067E13F49DC0B9A /* Pods-RxSwiftDemoAppTests.debug.xcconfig */ = {isa = PBXFileReference; includeInIndex = 1; lastKnownFileType = text.xcconfig; name = "Pods-RxSwiftDemoAppTests.debug.xcconfig"; path = "Target Support Files/Pods-RxSwiftDemoAppTests/Pods-RxSwiftDemoAppTests.debug.xcconfig"; sourceTree = "<group>"; };
		889F2FA21BDCF649E2B14C11 /* Pods-RxSwiftDemoApp-RxSwiftDemoAppUITests.release.xcconfig */ = {isa = PBXFileReference; includeInIndex = 1; lastKnownFileType = text.xcconfig; name = "Pods-RxSwiftDemoApp-RxSwiftDemoAppUITests.release.xcconfig"; path = "Target Support Files/Pods-RxSwiftDemoApp-RxSwiftDemoAppUITests/Pods-RxSwiftDemoApp-RxSwiftDemoAppUITests.release.xcconfig"; sourceTree = "<group>"; };
		8B956BF8A7D674514A74766F /* Pods_RxSwiftDemoAppTests.framework */ = {isa = PBXFileReference; explicitFileType = wrapper.framework; includeInIndex = 0; path = Pods_RxSwiftDemoAppTests.framework; sourceTree = BUILT_PRODUCTS_DIR; };
		A300D8E5274CB81700F1C8B7 /* RxSwiftDemoApp.app */ = {isa = PBXFileReference; explicitFileType = wrapper.application; includeInIndex = 0; path = RxSwiftDemoApp.app; sourceTree = BUILT_PRODUCTS_DIR; };
		A300D8E8274CB81700F1C8B7 /* AppDelegate.swift */ = {isa = PBXFileReference; lastKnownFileType = sourcecode.swift; path = AppDelegate.swift; sourceTree = "<group>"; };
		A300D8EA274CB81700F1C8B7 /* SceneDelegate.swift */ = {isa = PBXFileReference; lastKnownFileType = sourcecode.swift; path = SceneDelegate.swift; sourceTree = "<group>"; };
		A300D8EC274CB81700F1C8B7 /* ViewController.swift */ = {isa = PBXFileReference; lastKnownFileType = sourcecode.swift; path = ViewController.swift; sourceTree = "<group>"; };
		A300D8EF274CB81700F1C8B7 /* Base */ = {isa = PBXFileReference; lastKnownFileType = file.storyboard; name = Base; path = Base.lproj/Main.storyboard; sourceTree = "<group>"; };
		A300D8F1274CB81800F1C8B7 /* Assets.xcassets */ = {isa = PBXFileReference; lastKnownFileType = folder.assetcatalog; path = Assets.xcassets; sourceTree = "<group>"; };
		A300D8F4274CB81800F1C8B7 /* Base */ = {isa = PBXFileReference; lastKnownFileType = file.storyboard; name = Base; path = Base.lproj/LaunchScreen.storyboard; sourceTree = "<group>"; };
		A300D8F6274CB81800F1C8B7 /* Info.plist */ = {isa = PBXFileReference; lastKnownFileType = text.plist.xml; path = Info.plist; sourceTree = "<group>"; };
		A300D8FB274CB81900F1C8B7 /* RxSwiftDemoAppTests.xctest */ = {isa = PBXFileReference; explicitFileType = wrapper.cfbundle; includeInIndex = 0; path = RxSwiftDemoAppTests.xctest; sourceTree = BUILT_PRODUCTS_DIR; };
		A300D8FF274CB81900F1C8B7 /* RxSwiftDemoAppTests.swift */ = {isa = PBXFileReference; lastKnownFileType = sourcecode.swift; path = RxSwiftDemoAppTests.swift; sourceTree = "<group>"; };
		A300D901274CB81900F1C8B7 /* Info.plist */ = {isa = PBXFileReference; lastKnownFileType = text.plist.xml; path = Info.plist; sourceTree = "<group>"; };
		A300D906274CB81900F1C8B7 /* RxSwiftDemoAppUITests.xctest */ = {isa = PBXFileReference; explicitFileType = wrapper.cfbundle; includeInIndex = 0; path = RxSwiftDemoAppUITests.xctest; sourceTree = BUILT_PRODUCTS_DIR; };
		A300D90A274CB81900F1C8B7 /* RxSwiftDemoAppUITests.swift */ = {isa = PBXFileReference; lastKnownFileType = sourcecode.swift; path = RxSwiftDemoAppUITests.swift; sourceTree = "<group>"; };
		A300D90C274CB81900F1C8B7 /* Info.plist */ = {isa = PBXFileReference; lastKnownFileType = text.plist.xml; path = Info.plist; sourceTree = "<group>"; };
		CA2A88E8AC7FF1D324879581 /* Pods-RxSwiftDemoApp-RxSwiftDemoAppUITests.debug.xcconfig */ = {isa = PBXFileReference; includeInIndex = 1; lastKnownFileType = text.xcconfig; name = "Pods-RxSwiftDemoApp-RxSwiftDemoAppUITests.debug.xcconfig"; path = "Target Support Files/Pods-RxSwiftDemoApp-RxSwiftDemoAppUITests/Pods-RxSwiftDemoApp-RxSwiftDemoAppUITests.debug.xcconfig"; sourceTree = "<group>"; };
/* End PBXFileReference section */

/* Begin PBXFrameworksBuildPhase section */
		A300D8E2274CB81700F1C8B7 /* Frameworks */ = {
			isa = PBXFrameworksBuildPhase;
			buildActionMask = 2147483647;
			files = (
				9000CB9B2ED9FBD71440DE7B /* Pods_RxSwiftDemoApp.framework in Frameworks */,
			);
			runOnlyForDeploymentPostprocessing = 0;
		};
		A300D8F8274CB81900F1C8B7 /* Frameworks */ = {
			isa = PBXFrameworksBuildPhase;
			buildActionMask = 2147483647;
			files = (
				F5C5663443D6856733DA8205 /* Pods_RxSwiftDemoAppTests.framework in Frameworks */,
			);
			runOnlyForDeploymentPostprocessing = 0;
		};
		A300D903274CB81900F1C8B7 /* Frameworks */ = {
			isa = PBXFrameworksBuildPhase;
			buildActionMask = 2147483647;
			files = (
				FFF1395551E3EB8C44D61AA0 /* Pods_RxSwiftDemoApp_RxSwiftDemoAppUITests.framework in Frameworks */,
			);
			runOnlyForDeploymentPostprocessing = 0;
		};
/* End PBXFrameworksBuildPhase section */

/* Begin PBXGroup section */
		802FCDBFCFD727B222EF89C7 /* Frameworks */ = {
			isa = PBXGroup;
			children = (
				07D9A3E9CB8F879188C07FB9 /* Pods_RxSwiftDemoApp.framework */,
				29C7A0BB96CD1AC08BDD666E /* Pods_RxSwiftDemoApp_RxSwiftDemoAppUITests.framework */,
				8B956BF8A7D674514A74766F /* Pods_RxSwiftDemoAppTests.framework */,
			);
			name = Frameworks;
			sourceTree = "<group>";
		};
		A167C71F39DD3BB1DA74613C /* Pods */ = {
			isa = PBXGroup;
			children = (
				0DD88EFE2A01942FCB569524 /* Pods-RxSwiftDemoApp.debug.xcconfig */,
				2C00FD9FF489408FB4BBDB30 /* Pods-RxSwiftDemoApp.release.xcconfig */,
				CA2A88E8AC7FF1D324879581 /* Pods-RxSwiftDemoApp-RxSwiftDemoAppUITests.debug.xcconfig */,
				889F2FA21BDCF649E2B14C11 /* Pods-RxSwiftDemoApp-RxSwiftDemoAppUITests.release.xcconfig */,
				51498B165067E13F49DC0B9A /* Pods-RxSwiftDemoAppTests.debug.xcconfig */,
				3D4748019EC846DDF5BC433A /* Pods-RxSwiftDemoAppTests.release.xcconfig */,
			);
			name = Pods;
			path = Pods;
			sourceTree = "<group>";
		};
		A300D8DC274CB81700F1C8B7 = {
			isa = PBXGroup;
			children = (
				A300D8E7274CB81700F1C8B7 /* RxSwiftDemoApp */,
				A300D8FE274CB81900F1C8B7 /* RxSwiftDemoAppTests */,
				A300D909274CB81900F1C8B7 /* RxSwiftDemoAppUITests */,
				A300D8E6274CB81700F1C8B7 /* Products */,
				A167C71F39DD3BB1DA74613C /* Pods */,
				802FCDBFCFD727B222EF89C7 /* Frameworks */,
			);
			sourceTree = "<group>";
		};
		A300D8E6274CB81700F1C8B7 /* Products */ = {
			isa = PBXGroup;
			children = (
				A300D8E5274CB81700F1C8B7 /* RxSwiftDemoApp.app */,
				A300D8FB274CB81900F1C8B7 /* RxSwiftDemoAppTests.xctest */,
				A300D906274CB81900F1C8B7 /* RxSwiftDemoAppUITests.xctest */,
			);
			name = Products;
			sourceTree = "<group>";
		};
		A300D8E7274CB81700F1C8B7 /* RxSwiftDemoApp */ = {
			isa = PBXGroup;
			children = (
				A300D8E8274CB81700F1C8B7 /* AppDelegate.swift */,
				A300D8EA274CB81700F1C8B7 /* SceneDelegate.swift */,
				A300D8EC274CB81700F1C8B7 /* ViewController.swift */,
				A300D8EE274CB81700F1C8B7 /* Main.storyboard */,
				A300D8F1274CB81800F1C8B7 /* Assets.xcassets */,
				A300D8F3274CB81800F1C8B7 /* LaunchScreen.storyboard */,
				A300D8F6274CB81800F1C8B7 /* Info.plist */,
			);
			path = RxSwiftDemoApp;
			sourceTree = "<group>";
		};
		A300D8FE274CB81900F1C8B7 /* RxSwiftDemoAppTests */ = {
			isa = PBXGroup;
			children = (
				A300D8FF274CB81900F1C8B7 /* RxSwiftDemoAppTests.swift */,
				A300D901274CB81900F1C8B7 /* Info.plist */,
			);
			path = RxSwiftDemoAppTests;
			sourceTree = "<group>";
		};
		A300D909274CB81900F1C8B7 /* RxSwiftDemoAppUITests */ = {
			isa = PBXGroup;
			children = (
				A300D90A274CB81900F1C8B7 /* RxSwiftDemoAppUITests.swift */,
				A300D90C274CB81900F1C8B7 /* Info.plist */,
			);
			path = RxSwiftDemoAppUITests;
			sourceTree = "<group>";
		};
/* End PBXGroup section */

/* Begin PBXNativeTarget section */
		A300D8E4274CB81700F1C8B7 /* RxSwiftDemoApp */ = {
			isa = PBXNativeTarget;
			buildConfigurationList = A300D90F274CB81900F1C8B7 /* Build configuration list for PBXNativeTarget "RxSwiftDemoApp" */;
			buildPhases = (
				BD94FE199B4EA51703462855 /* [CP] Check Pods Manifest.lock */,
				A300D8E1274CB81700F1C8B7 /* Sources */,
				A300D8E2274CB81700F1C8B7 /* Frameworks */,
				A300D8E3274CB81700F1C8B7 /* Resources */,
				47245C132FB7A5EBC3EF7CBE /* [CP] Embed Pods Frameworks */,
			);
			buildRules = (
			);
			dependencies = (
			);
			name = RxSwiftDemoApp;
			productName = RxSwiftDemoApp;
			productReference = A300D8E5274CB81700F1C8B7 /* RxSwiftDemoApp.app */;
			productType = "com.apple.product-type.application";
		};
		A300D8FA274CB81900F1C8B7 /* RxSwiftDemoAppTests */ = {
			isa = PBXNativeTarget;
			buildConfigurationList = A300D912274CB81900F1C8B7 /* Build configuration list for PBXNativeTarget "RxSwiftDemoAppTests" */;
			buildPhases = (
				FA142A8930A294BB865F39FA /* [CP] Check Pods Manifest.lock */,
				A300D8F7274CB81900F1C8B7 /* Sources */,
				A300D8F8274CB81900F1C8B7 /* Frameworks */,
				A300D8F9274CB81900F1C8B7 /* Resources */,
			);
			buildRules = (
			);
			dependencies = (
				A300D8FD274CB81900F1C8B7 /* PBXTargetDependency */,
			);
			name = RxSwiftDemoAppTests;
			productName = RxSwiftDemoAppTests;
			productReference = A300D8FB274CB81900F1C8B7 /* RxSwiftDemoAppTests.xctest */;
			productType = "com.apple.product-type.bundle.unit-test";
		};
		A300D905274CB81900F1C8B7 /* RxSwiftDemoAppUITests */ = {
			isa = PBXNativeTarget;
			buildConfigurationList = A300D915274CB81900F1C8B7 /* Build configuration list for PBXNativeTarget "RxSwiftDemoAppUITests" */;
			buildPhases = (
				C126E7AD80C4E7DC97C4E42B /* [CP] Check Pods Manifest.lock */,
				A300D902274CB81900F1C8B7 /* Sources */,
				A300D903274CB81900F1C8B7 /* Frameworks */,
				A300D904274CB81900F1C8B7 /* Resources */,
				74A86FEAB02EEFA18D56C417 /* [CP] Embed Pods Frameworks */,
			);
			buildRules = (
			);
			dependencies = (
				A300D908274CB81900F1C8B7 /* PBXTargetDependency */,
			);
			name = RxSwiftDemoAppUITests;
			productName = RxSwiftDemoAppUITests;
			productReference = A300D906274CB81900F1C8B7 /* RxSwiftDemoAppUITests.xctest */;
			productType = "com.apple.product-type.bundle.ui-testing";
		};
/* End PBXNativeTarget section */

/* Begin PBXProject section */
		A300D8DD274CB81700F1C8B7 /* Project object */ = {
			isa = PBXProject;
			attributes = {
				LastSwiftUpdateCheck = 1240;
				LastUpgradeCheck = 1240;
				TargetAttributes = {
					A300D8E4274CB81700F1C8B7 = {
						CreatedOnToolsVersion = 12.4;
					};
					A300D8FA274CB81900F1C8B7 = {
						CreatedOnToolsVersion = 12.4;
						TestTargetID = A300D8E4274CB81700F1C8B7;
					};
					A300D905274CB81900F1C8B7 = {
						CreatedOnToolsVersion = 12.4;
						TestTargetID = A300D8E4274CB81700F1C8B7;
					};
				};
			};
			buildConfigurationList = A300D8E0274CB81700F1C8B7 /* Build configuration list for PBXProject "RxSwiftDemoApp" */;
			compatibilityVersion = "Xcode 9.3";
			developmentRegion = en;
			hasScannedForEncodings = 0;
			knownRegions = (
				en,
				Base,
			);
			mainGroup = A300D8DC274CB81700F1C8B7;
			productRefGroup = A300D8E6274CB81700F1C8B7 /* Products */;
			projectDirPath = "";
			projectRoot = "";
			targets = (
				A300D8E4274CB81700F1C8B7 /* RxSwiftDemoApp */,
				A300D8FA274CB81900F1C8B7 /* RxSwiftDemoAppTests */,
				A300D905274CB81900F1C8B7 /* RxSwiftDemoAppUITests */,
			);
		};
/* End PBXProject section */

/* Begin PBXResourcesBuildPhase section */
		A300D8E3274CB81700F1C8B7 /* Resources */ = {
			isa = PBXResourcesBuildPhase;
			buildActionMask = 2147483647;
			files = (
				A300D8F5274CB81800F1C8B7 /* LaunchScreen.storyboard in Resources */,
				A300D8F2274CB81800F1C8B7 /* Assets.xcassets in Resources */,
				A300D8F0274CB81700F1C8B7 /* Main.storyboard in Resources */,
			);
			runOnlyForDeploymentPostprocessing = 0;
		};
		A300D8F9274CB81900F1C8B7 /* Resources */ = {
			isa = PBXResourcesBuildPhase;
			buildActionMask = 2147483647;
			files = (
			);
			runOnlyForDeploymentPostprocessing = 0;
		};
		A300D904274CB81900F1C8B7 /* Resources */ = {
			isa = PBXResourcesBuildPhase;
			buildActionMask = 2147483647;
			files = (
			);
			runOnlyForDeploymentPostprocessing = 0;
		};
/* End PBXResourcesBuildPhase section */

/* Begin PBXShellScriptBuildPhase section */
		47245C132FB7A5EBC3EF7CBE /* [CP] Embed Pods Frameworks */ = {
			isa = PBXShellScriptBuildPhase;
			buildActionMask = 2147483647;
			files = (
			);
			inputFileListPaths = (
				"${PODS_ROOT}/Target Support Files/Pods-RxSwiftDemoApp/Pods-RxSwiftDemoApp-frameworks-${CONFIGURATION}-input-files.xcfilelist",
			);
			name = "[CP] Embed Pods Frameworks";
			outputFileListPaths = (
				"${PODS_ROOT}/Target Support Files/Pods-RxSwiftDemoApp/Pods-RxSwiftDemoApp-frameworks-${CONFIGURATION}-output-files.xcfilelist",
			);
			runOnlyForDeploymentPostprocessing = 0;
			shellPath = /bin/sh;
			shellScript = "\"${PODS_ROOT}/Target Support Files/Pods-RxSwiftDemoApp/Pods-RxSwiftDemoApp-frameworks.sh\"\n";
			showEnvVarsInLog = 0;
		};
		74A86FEAB02EEFA18D56C417 /* [CP] Embed Pods Frameworks */ = {
			isa = PBXShellScriptBuildPhase;
			buildActionMask = 2147483647;
			files = (
			);
			inputFileListPaths = (
				"${PODS_ROOT}/Target Support Files/Pods-RxSwiftDemoApp-RxSwiftDemoAppUITests/Pods-RxSwiftDemoApp-RxSwiftDemoAppUITests-frameworks-${CONFIGURATION}-input-files.xcfilelist",
			);
			name = "[CP] Embed Pods Frameworks";
			outputFileListPaths = (
				"${PODS_ROOT}/Target Support Files/Pods-RxSwiftDemoApp-RxSwiftDemoAppUITests/Pods-RxSwiftDemoApp-RxSwiftDemoAppUITests-frameworks-${CONFIGURATION}-output-files.xcfilelist",
			);
			runOnlyForDeploymentPostprocessing = 0;
			shellPath = /bin/sh;
			shellScript = "\"${PODS_ROOT}/Target Support Files/Pods-RxSwiftDemoApp-RxSwiftDemoAppUITests/Pods-RxSwiftDemoApp-RxSwiftDemoAppUITests-frameworks.sh\"\n";
			showEnvVarsInLog = 0;
		};
		BD94FE199B4EA51703462855 /* [CP] Check Pods Manifest.lock */ = {
			isa = PBXShellScriptBuildPhase;
			buildActionMask = 2147483647;
			files = (
			);
			inputFileListPaths = (
			);
			inputPaths = (
				"${PODS_PODFILE_DIR_PATH}/Podfile.lock",
				"${PODS_ROOT}/Manifest.lock",
			);
			name = "[CP] Check Pods Manifest.lock";
			outputFileListPaths = (
			);
			outputPaths = (
				"$(DERIVED_FILE_DIR)/Pods-RxSwiftDemoApp-checkManifestLockResult.txt",
			);
			runOnlyForDeploymentPostprocessing = 0;
			shellPath = /bin/sh;
			shellScript = "diff \"${PODS_PODFILE_DIR_PATH}/Podfile.lock\" \"${PODS_ROOT}/Manifest.lock\" > /dev/null\nif [ $? != 0 ] ; then\n    # print error to STDERR\n    echo \"error: The sandbox is not in sync with the Podfile.lock. Run 'pod install' or update your CocoaPods installation.\" >&2\n    exit 1\nfi\n# This output is used by Xcode 'outputs' to avoid re-running this script phase.\necho \"SUCCESS\" > \"${SCRIPT_OUTPUT_FILE_0}\"\n";
			showEnvVarsInLog = 0;
		};
		C126E7AD80C4E7DC97C4E42B /* [CP] Check Pods Manifest.lock */ = {
			isa = PBXShellScriptBuildPhase;
			buildActionMask = 2147483647;
			files = (
			);
			inputFileListPaths = (
			);
			inputPaths = (
				"${PODS_PODFILE_DIR_PATH}/Podfile.lock",
				"${PODS_ROOT}/Manifest.lock",
			);
			name = "[CP] Check Pods Manifest.lock";
			outputFileListPaths = (
			);
			outputPaths = (
				"$(DERIVED_FILE_DIR)/Pods-RxSwiftDemoApp-RxSwiftDemoAppUITests-checkManifestLockResult.txt",
			);
			runOnlyForDeploymentPostprocessing = 0;
			shellPath = /bin/sh;
			shellScript = "diff \"${PODS_PODFILE_DIR_PATH}/Podfile.lock\" \"${PODS_ROOT}/Manifest.lock\" > /dev/null\nif [ $? != 0 ] ; then\n    # print error to STDERR\n    echo \"error: The sandbox is not in sync with the Podfile.lock. Run 'pod install' or update your CocoaPods installation.\" >&2\n    exit 1\nfi\n# This output is used by Xcode 'outputs' to avoid re-running this script phase.\necho \"SUCCESS\" > \"${SCRIPT_OUTPUT_FILE_0}\"\n";
			showEnvVarsInLog = 0;
		};
		FA142A8930A294BB865F39FA /* [CP] Check Pods Manifest.lock */ = {
			isa = PBXShellScriptBuildPhase;
			buildActionMask = 2147483647;
			files = (
			);
			inputFileListPaths = (
			);
			inputPaths = (
				"${PODS_PODFILE_DIR_PATH}/Podfile.lock",
				"${PODS_ROOT}/Manifest.lock",
			);
			name = "[CP] Check Pods Manifest.lock";
			outputFileListPaths = (
			);
			outputPaths = (
				"$(DERIVED_FILE_DIR)/Pods-RxSwiftDemoAppTests-checkManifestLockResult.txt",
			);
			runOnlyForDeploymentPostprocessing = 0;
			shellPath = /bin/sh;
			shellScript = "diff \"${PODS_PODFILE_DIR_PATH}/Podfile.lock\" \"${PODS_ROOT}/Manifest.lock\" > /dev/null\nif [ $? != 0 ] ; then\n    # print error to STDERR\n    echo \"error: The sandbox is not in sync with the Podfile.lock. Run 'pod install' or update your CocoaPods installation.\" >&2\n    exit 1\nfi\n# This output is used by Xcode 'outputs' to avoid re-running this script phase.\necho \"SUCCESS\" > \"${SCRIPT_OUTPUT_FILE_0}\"\n";
			showEnvVarsInLog = 0;
		};
/* End PBXShellScriptBuildPhase section */

/* Begin PBXSourcesBuildPhase section */
		A300D8E1274CB81700F1C8B7 /* Sources */ = {
			isa = PBXSourcesBuildPhase;
			buildActionMask = 2147483647;
			files = (
				A300D8ED274CB81700F1C8B7 /* ViewController.swift in Sources */,
				A300D8E9274CB81700F1C8B7 /* AppDelegate.swift in Sources */,
				A300D8EB274CB81700F1C8B7 /* SceneDelegate.swift in Sources */,
			);
			runOnlyForDeploymentPostprocessing = 0;
		};
		A300D8F7274CB81900F1C8B7 /* Sources */ = {
			isa = PBXSourcesBuildPhase;
			buildActionMask = 2147483647;
			files = (
				A300D900274CB81900F1C8B7 /* RxSwiftDemoAppTests.swift in Sources */,
			);
			runOnlyForDeploymentPostprocessing = 0;
		};
		A300D902274CB81900F1C8B7 /* Sources */ = {
			isa = PBXSourcesBuildPhase;
			buildActionMask = 2147483647;
			files = (
				A300D90B274CB81900F1C8B7 /* RxSwiftDemoAppUITests.swift in Sources */,
			);
			runOnlyForDeploymentPostprocessing = 0;
		};
/* End PBXSourcesBuildPhase section */

/* Begin PBXTargetDependency section */
		A300D8FD274CB81900F1C8B7 /* PBXTargetDependency */ = {
			isa = PBXTargetDependency;
			target = A300D8E4274CB81700F1C8B7 /* RxSwiftDemoApp */;
			targetProxy = A300D8FC274CB81900F1C8B7 /* PBXContainerItemProxy */;
		};
		A300D908274CB81900F1C8B7 /* PBXTargetDependency */ = {
			isa = PBXTargetDependency;
			target = A300D8E4274CB81700F1C8B7 /* RxSwiftDemoApp */;
			targetProxy = A300D907274CB81900F1C8B7 /* PBXContainerItemProxy */;
		};
/* End PBXTargetDependency section */

/* Begin PBXVariantGroup section */
		A300D8EE274CB81700F1C8B7 /* Main.storyboard */ = {
			isa = PBXVariantGroup;
			children = (
				A300D8EF274CB81700F1C8B7 /* Base */,
			);
			name = Main.storyboard;
			sourceTree = "<group>";
		};
		A300D8F3274CB81800F1C8B7 /* LaunchScreen.storyboard */ = {
			isa = PBXVariantGroup;
			children = (
				A300D8F4274CB81800F1C8B7 /* Base */,
			);
			name = LaunchScreen.storyboard;
			sourceTree = "<group>";
		};
/* End PBXVariantGroup section */

/* Begin XCBuildConfiguration section */
		A300D90D274CB81900F1C8B7 /* Debug */ = {
			isa = XCBuildConfiguration;
			buildSettings = {
				ALWAYS_SEARCH_USER_PATHS = NO;
				CLANG_ANALYZER_NONNULL = YES;
				CLANG_ANALYZER_NUMBER_OBJECT_CONVERSION = YES_AGGRESSIVE;
				CLANG_CXX_LANGUAGE_STANDARD = "gnu++14";
				CLANG_CXX_LIBRARY = "libc++";
				CLANG_ENABLE_MODULES = YES;
				CLANG_ENABLE_OBJC_ARC = YES;
				CLANG_ENABLE_OBJC_WEAK = YES;
				CLANG_WARN_BLOCK_CAPTURE_AUTORELEASING = YES;
				CLANG_WARN_BOOL_CONVERSION = YES;
				CLANG_WARN_COMMA = YES;
				CLANG_WARN_CONSTANT_CONVERSION = YES;
				CLANG_WARN_DEPRECATED_OBJC_IMPLEMENTATIONS = YES;
				CLANG_WARN_DIRECT_OBJC_ISA_USAGE = YES_ERROR;
				CLANG_WARN_DOCUMENTATION_COMMENTS = YES;
				CLANG_WARN_EMPTY_BODY = YES;
				CLANG_WARN_ENUM_CONVERSION = YES;
				CLANG_WARN_INFINITE_RECURSION = YES;
				CLANG_WARN_INT_CONVERSION = YES;
				CLANG_WARN_NON_LITERAL_NULL_CONVERSION = YES;
				CLANG_WARN_OBJC_IMPLICIT_RETAIN_SELF = YES;
				CLANG_WARN_OBJC_LITERAL_CONVERSION = YES;
				CLANG_WARN_OBJC_ROOT_CLASS = YES_ERROR;
				CLANG_WARN_QUOTED_INCLUDE_IN_FRAMEWORK_HEADER = YES;
				CLANG_WARN_RANGE_LOOP_ANALYSIS = YES;
				CLANG_WARN_STRICT_PROTOTYPES = YES;
				CLANG_WARN_SUSPICIOUS_MOVE = YES;
				CLANG_WARN_UNGUARDED_AVAILABILITY = YES_AGGRESSIVE;
				CLANG_WARN_UNREACHABLE_CODE = YES;
				CLANG_WARN__DUPLICATE_METHOD_MATCH = YES;
				COPY_PHASE_STRIP = NO;
				DEBUG_INFORMATION_FORMAT = dwarf;
				ENABLE_STRICT_OBJC_MSGSEND = YES;
				ENABLE_TESTABILITY = YES;
				GCC_C_LANGUAGE_STANDARD = gnu11;
				GCC_DYNAMIC_NO_PIC = NO;
				GCC_NO_COMMON_BLOCKS = YES;
				GCC_OPTIMIZATION_LEVEL = 0;
				GCC_PREPROCESSOR_DEFINITIONS = (
					"DEBUG=1",
					"$(inherited)",
				);
				GCC_WARN_64_TO_32_BIT_CONVERSION = YES;
				GCC_WARN_ABOUT_RETURN_TYPE = YES_ERROR;
				GCC_WARN_UNDECLARED_SELECTOR = YES;
				GCC_WARN_UNINITIALIZED_AUTOS = YES_AGGRESSIVE;
				GCC_WARN_UNUSED_FUNCTION = YES;
				GCC_WARN_UNUSED_VARIABLE = YES;
				IPHONEOS_DEPLOYMENT_TARGET = 14.4;
				MTL_ENABLE_DEBUG_INFO = INCLUDE_SOURCE;
				MTL_FAST_MATH = YES;
				ONLY_ACTIVE_ARCH = YES;
				SDKROOT = iphoneos;
				SWIFT_ACTIVE_COMPILATION_CONDITIONS = DEBUG;
				SWIFT_OPTIMIZATION_LEVEL = "-Onone";
			};
			name = Debug;
		};
		A300D90E274CB81900F1C8B7 /* Release */ = {
			isa = XCBuildConfiguration;
			buildSettings = {
				ALWAYS_SEARCH_USER_PATHS = NO;
				CLANG_ANALYZER_NONNULL = YES;
				CLANG_ANALYZER_NUMBER_OBJECT_CONVERSION = YES_AGGRESSIVE;
				CLANG_CXX_LANGUAGE_STANDARD = "gnu++14";
				CLANG_CXX_LIBRARY = "libc++";
				CLANG_ENABLE_MODULES = YES;
				CLANG_ENABLE_OBJC_ARC = YES;
				CLANG_ENABLE_OBJC_WEAK = YES;
				CLANG_WARN_BLOCK_CAPTURE_AUTORELEASING = YES;
				CLANG_WARN_BOOL_CONVERSION = YES;
				CLANG_WARN_COMMA = YES;
				CLANG_WARN_CONSTANT_CONVERSION = YES;
				CLANG_WARN_DEPRECATED_OBJC_IMPLEMENTATIONS = YES;
				CLANG_WARN_DIRECT_OBJC_ISA_USAGE = YES_ERROR;
				CLANG_WARN_DOCUMENTATION_COMMENTS = YES;
				CLANG_WARN_EMPTY_BODY = YES;
				CLANG_WARN_ENUM_CONVERSION = YES;
				CLANG_WARN_INFINITE_RECURSION = YES;
				CLANG_WARN_INT_CONVERSION = YES;
				CLANG_WARN_NON_LITERAL_NULL_CONVERSION = YES;
				CLANG_WARN_OBJC_IMPLICIT_RETAIN_SELF = YES;
				CLANG_WARN_OBJC_LITERAL_CONVERSION = YES;
				CLANG_WARN_OBJC_ROOT_CLASS = YES_ERROR;
				CLANG_WARN_QUOTED_INCLUDE_IN_FRAMEWORK_HEADER = YES;
				CLANG_WARN_RANGE_LOOP_ANALYSIS = YES;
				CLANG_WARN_STRICT_PROTOTYPES = YES;
				CLANG_WARN_SUSPICIOUS_MOVE = YES;
				CLANG_WARN_UNGUARDED_AVAILABILITY = YES_AGGRESSIVE;
				CLANG_WARN_UNREACHABLE_CODE = YES;
				CLANG_WARN__DUPLICATE_METHOD_MATCH = YES;
				COPY_PHASE_STRIP = NO;
				DEBUG_INFORMATION_FORMAT = "dwarf-with-dsym";
				ENABLE_NS_ASSERTIONS = NO;
				ENABLE_STRICT_OBJC_MSGSEND = YES;
				GCC_C_LANGUAGE_STANDARD = gnu11;
				GCC_NO_COMMON_BLOCKS = YES;
				GCC_WARN_64_TO_32_BIT_CONVERSION = YES;
				GCC_WARN_ABOUT_RETURN_TYPE = YES_ERROR;
				GCC_WARN_UNDECLARED_SELECTOR = YES;
				GCC_WARN_UNINITIALIZED_AUTOS = YES_AGGRESSIVE;
				GCC_WARN_UNUSED_FUNCTION = YES;
				GCC_WARN_UNUSED_VARIABLE = YES;
				IPHONEOS_DEPLOYMENT_TARGET = 14.4;
				MTL_ENABLE_DEBUG_INFO = NO;
				MTL_FAST_MATH = YES;
				SDKROOT = iphoneos;
				SWIFT_COMPILATION_MODE = wholemodule;
				SWIFT_OPTIMIZATION_LEVEL = "-O";
				VALIDATE_PRODUCT = YES;
			};
			name = Release;
		};
		A300D910274CB81900F1C8B7 /* Debug */ = {
			isa = XCBuildConfiguration;
			baseConfigurationReference = 0DD88EFE2A01942FCB569524 /* Pods-RxSwiftDemoApp.debug.xcconfig */;
			buildSettings = {
				ASSETCATALOG_COMPILER_APPICON_NAME = AppIcon;
				ASSETCATALOG_COMPILER_GLOBAL_ACCENT_COLOR_NAME = AccentColor;
				CODE_SIGN_STYLE = Automatic;
				DEVELOPMENT_TEAM = F39YLTWJFM;
				INFOPLIST_FILE = RxSwiftDemoApp/Info.plist;
				LD_RUNPATH_SEARCH_PATHS = (
					"$(inherited)",
					"@executable_path/Frameworks",
				);
				PRODUCT_BUNDLE_IDENTIFIER = Ryota.F.RxSwiftDemoApp;
				PRODUCT_NAME = "$(TARGET_NAME)";
				SWIFT_VERSION = 5.0;
				TARGETED_DEVICE_FAMILY = "1,2";
			};
			name = Debug;
		};
		A300D911274CB81900F1C8B7 /* Release */ = {
			isa = XCBuildConfiguration;
			baseConfigurationReference = 2C00FD9FF489408FB4BBDB30 /* Pods-RxSwiftDemoApp.release.xcconfig */;
			buildSettings = {
				ASSETCATALOG_COMPILER_APPICON_NAME = AppIcon;
				ASSETCATALOG_COMPILER_GLOBAL_ACCENT_COLOR_NAME = AccentColor;
				CODE_SIGN_STYLE = Automatic;
				DEVELOPMENT_TEAM = F39YLTWJFM;
				INFOPLIST_FILE = RxSwiftDemoApp/Info.plist;
				LD_RUNPATH_SEARCH_PATHS = (
					"$(inherited)",
					"@executable_path/Frameworks",
				);
				PRODUCT_BUNDLE_IDENTIFIER = Ryota.F.RxSwiftDemoApp;
				PRODUCT_NAME = "$(TARGET_NAME)";
				SWIFT_VERSION = 5.0;
				TARGETED_DEVICE_FAMILY = "1,2";
			};
			name = Release;
		};
		A300D913274CB81900F1C8B7 /* Debug */ = {
			isa = XCBuildConfiguration;
			baseConfigurationReference = 51498B165067E13F49DC0B9A /* Pods-RxSwiftDemoAppTests.debug.xcconfig */;
			buildSettings = {
				ALWAYS_EMBED_SWIFT_STANDARD_LIBRARIES = YES;
				BUNDLE_LOADER = "$(TEST_HOST)";
				CODE_SIGN_STYLE = Automatic;
				DEVELOPMENT_TEAM = F39YLTWJFM;
				INFOPLIST_FILE = RxSwiftDemoAppTests/Info.plist;
				IPHONEOS_DEPLOYMENT_TARGET = 14.4;
				LD_RUNPATH_SEARCH_PATHS = (
					"$(inherited)",
					"@executable_path/Frameworks",
					"@loader_path/Frameworks",
				);
				PRODUCT_BUNDLE_IDENTIFIER = Ryota.F.RxSwiftDemoAppTests;
				PRODUCT_NAME = "$(TARGET_NAME)";
				SWIFT_VERSION = 5.0;
				TARGETED_DEVICE_FAMILY = "1,2";
				TEST_HOST = "$(BUILT_PRODUCTS_DIR)/RxSwiftDemoApp.app/RxSwiftDemoApp";
			};
			name = Debug;
		};
		A300D914274CB81900F1C8B7 /* Release */ = {
			isa = XCBuildConfiguration;
			baseConfigurationReference = 3D4748019EC846DDF5BC433A /* Pods-RxSwiftDemoAppTests.release.xcconfig */;
			buildSettings = {
				ALWAYS_EMBED_SWIFT_STANDARD_LIBRARIES = YES;
				BUNDLE_LOADER = "$(TEST_HOST)";
				CODE_SIGN_STYLE = Automatic;
				DEVELOPMENT_TEAM = F39YLTWJFM;
				INFOPLIST_FILE = RxSwiftDemoAppTests/Info.plist;
				IPHONEOS_DEPLOYMENT_TARGET = 14.4;
				LD_RUNPATH_SEARCH_PATHS = (
					"$(inherited)",
					"@executable_path/Frameworks",
					"@loader_path/Frameworks",
				);
				PRODUCT_BUNDLE_IDENTIFIER = Ryota.F.RxSwiftDemoAppTests;
				PRODUCT_NAME = "$(TARGET_NAME)";
				SWIFT_VERSION = 5.0;
				TARGETED_DEVICE_FAMILY = "1,2";
				TEST_HOST = "$(BUILT_PRODUCTS_DIR)/RxSwiftDemoApp.app/RxSwiftDemoApp";
			};
			name = Release;
		};
		A300D916274CB81900F1C8B7 /* Debug */ = {
			isa = XCBuildConfiguration;
			baseConfigurationReference = CA2A88E8AC7FF1D324879581 /* Pods-RxSwiftDemoApp-RxSwiftDemoAppUITests.debug.xcconfig */;
			buildSettings = {
				ALWAYS_EMBED_SWIFT_STANDARD_LIBRARIES = YES;
				CODE_SIGN_STYLE = Automatic;
				DEVELOPMENT_TEAM = F39YLTWJFM;
				INFOPLIST_FILE = RxSwiftDemoAppUITests/Info.plist;
				LD_RUNPATH_SEARCH_PATHS = (
					"$(inherited)",
					"@executable_path/Frameworks",
					"@loader_path/Frameworks",
				);
				PRODUCT_BUNDLE_IDENTIFIER = Ryota.F.RxSwiftDemoAppUITests;
				PRODUCT_NAME = "$(TARGET_NAME)";
				SWIFT_VERSION = 5.0;
				TARGETED_DEVICE_FAMILY = "1,2";
				TEST_TARGET_NAME = RxSwiftDemoApp;
			};
			name = Debug;
		};
		A300D917274CB81900F1C8B7 /* Release */ = {
			isa = XCBuildConfiguration;
			baseConfigurationReference = 889F2FA21BDCF649E2B14C11 /* Pods-RxSwiftDemoApp-RxSwiftDemoAppUITests.release.xcconfig */;
			buildSettings = {
				ALWAYS_EMBED_SWIFT_STANDARD_LIBRARIES = YES;
				CODE_SIGN_STYLE = Automatic;
				DEVELOPMENT_TEAM = F39YLTWJFM;
				INFOPLIST_FILE = RxSwiftDemoAppUITests/Info.plist;
				LD_RUNPATH_SEARCH_PATHS = (
					"$(inherited)",
					"@executable_path/Frameworks",
					"@loader_path/Frameworks",
				);
				PRODUCT_BUNDLE_IDENTIFIER = Ryota.F.RxSwiftDemoAppUITests;
				PRODUCT_NAME = "$(TARGET_NAME)";
				SWIFT_VERSION = 5.0;
				TARGETED_DEVICE_FAMILY = "1,2";
				TEST_TARGET_NAME = RxSwiftDemoApp;
			};
			name = Release;
		};
/* End XCBuildConfiguration section */

/* Begin XCConfigurationList section */
		A300D8E0274CB81700F1C8B7 /* Build configuration list for PBXProject "RxSwiftDemoApp" */ = {
			isa = XCConfigurationList;
			buildConfigurations = (
				A300D90D274CB81900F1C8B7 /* Debug */,
				A300D90E274CB81900F1C8B7 /* Release */,
			);
			defaultConfigurationIsVisible = 0;
			defaultConfigurationName = Release;
		};
		A300D90F274CB81900F1C8B7 /* Build configuration list for PBXNativeTarget "RxSwiftDemoApp" */ = {
			isa = XCConfigurationList;
			buildConfigurations = (
				A300D910274CB81900F1C8B7 /* Debug */,
				A300D911274CB81900F1C8B7 /* Release */,
			);
			defaultConfigurationIsVisible = 0;
			defaultConfigurationName = Release;
		};
		A300D912274CB81900F1C8B7 /* Build configuration list for PBXNativeTarget "RxSwiftDemoAppTests" */ = {
			isa = XCConfigurationList;
			buildConfigurations = (
				A300D913274CB81900F1C8B7 /* Debug */,
				A300D914274CB81900F1C8B7 /* Release */,
			);
			defaultConfigurationIsVisible = 0;
			defaultConfigurationName = Release;
		};
		A300D915274CB81900F1C8B7 /* Build configuration list for PBXNativeTarget "RxSwiftDemoAppUITests" */ = {
			isa = XCConfigurationList;
			buildConfigurations = (
				A300D916274CB81900F1C8B7 /* Debug */,
				A300D917274CB81900F1C8B7 /* Release */,
			);
			defaultConfigurationIsVisible = 0;
			defaultConfigurationName = Release;
		};
/* End XCConfigurationList section */
	};
	rootObject = A300D8DD274CB81700F1C8B7 /* Project object */;
}
